
Microsoft Visual Studio Solution File, Format Version 12.00
# Visual Studio Version 17
VisualStudioVersion = 17.4.33205.214
MinimumVisualStudioVersion = 10.0.40219.1
Project("{8BC9CEB8-8B4A-11D0-8D11-00A0C91BC942}") = "SM-Converter", "SM-Converter.vcxproj", "{A40D7F2D-50F3-4FCA-843D-F0D54D7577B3}"
	ProjectSection(ProjectDependencies) = postProject
		{9A2E644A-9450-4C0A-B0A9-CD37169D09AB} = {9A2E644A-9450-4C0A-B0A9-CD37169D09AB}
	EndProjectSection
EndProject
Project("{8BC9CEB8-8B4A-11D0-8D11-00A0C91BC942}") = "simdjson", "simdjson.vcxproj", "{9A2E644A-9450-4C0A-B0A9-CD37169D09AB}"
EndProject
Global
	GlobalSection(SolutionConfigurationPlatforms) = preSolution
		Debug|x64 = Debug|x64
		Debug|x86 = Debug|x86
		Release|x64 = Release|x64
		Release|x86 = Release|x86
		ReleaseDebugInfo|x64 = ReleaseDebugInfo|x64
		ReleaseDebugInfo|x86 = ReleaseDebugInfo|x86
	EndGlobalSection
	GlobalSection(ProjectConfigurationPlatforms) = postSolution
		{A40D7F2D-50F3-4FCA-843D-F0D54D7577B3}.Debug|x64.ActiveCfg = Debug|x64
		{A40D7F2D-50F3-4FCA-843D-F0D54D7577B3}.Debug|x64.Build.0 = Debug|x64
		{A40D7F2D-50F3-4FCA-843D-F0D54D7577B3}.Debug|x86.ActiveCfg = Debug|Win32
		{A40D7F2D-50F3-4FCA-843D-F0D54D7577B3}.Debug|x86.Build.0 = Debug|Win32
		{A40D7F2D-50F3-4FCA-843D-F0D54D7577B3}.Release|x64.ActiveCfg = Release|x64
		{A40D7F2D-50F3-4FCA-843D-F0D54D7577B3}.Release|x64.Build.0 = Release|x64
		{A40D7F2D-50F3-4FCA-843D-F0D54D7577B3}.Release|x86.ActiveCfg = Release|Win32
		{A40D7F2D-50F3-4FCA-843D-F0D54D7577B3}.Release|x86.Build.0 = Release|Win32
		{A40D7F2D-50F3-4FCA-843D-F0D54D7577B3}.ReleaseDebugInfo|x64.ActiveCfg = ReleaseDebugInfo|x64
		{A40D7F2D-50F3-4FCA-843D-F0D54D7577B3}.ReleaseDebugInfo|x64.Build.0 = ReleaseDebugInfo|x64
		{A40D7F2D-50F3-4FCA-843D-F0D54D7577B3}.ReleaseDebugInfo|x86.ActiveCfg = ReleaseDebugInfo|Win32
		{A40D7F2D-50F3-4FCA-843D-F0D54D7577B3}.ReleaseDebugInfo|x86.Build.0 = ReleaseDebugInfo|Win32
		{9A2E644A-9450-4C0A-B0A9-CD37169D09AB}.Debug|x64.ActiveCfg = Debug|x64
		{9A2E644A-9450-4C0A-B0A9-CD37169D09AB}.Debug|x64.Build.0 = Debug|x64
		{9A2E644A-9450-4C0A-B0A9-CD37169D09AB}.Debug|x86.ActiveCfg = Debug|Win32
		{9A2E644A-9450-4C0A-B0A9-CD37169D09AB}.Debug|x86.Build.0 = Debug|Win32
		{9A2E644A-9450-4C0A-B0A9-CD37169D09AB}.Release|x64.ActiveCfg = Release|x64
		{9A2E644A-9450-4C0A-B0A9-CD37169D09AB}.Release|x64.Build.0 = Release|x64
		{9A2E644A-9450-4C0A-B0A9-CD37169D09AB}.Release|x86.ActiveCfg = Release|Win32
		{9A2E644A-9450-4C0A-B0A9-CD37169D09AB}.Release|x86.Build.0 = Release|Win32
		{9A2E644A-9450-4C0A-B0A9-CD37169D09AB}.ReleaseDebugInfo|x64.ActiveCfg = ReleaseDebugInfo|x64
		{9A2E644A-9450-4C0A-B0A9-CD37169D09AB}.ReleaseDebugInfo|x64.Build.0 = ReleaseDebugInfo|x64
		{9A2E644A-9450-4C0A-B0A9-CD37169D09AB}.ReleaseDebugInfo|x86.ActiveCfg = Release|Win32
		{9A2E644A-9450-4C0A-B0A9-CD37169D09AB}.ReleaseDebugInfo|x86.Build.0 = Release|Win32
	EndGlobalSection
	GlobalSection(SolutionProperties) = preSolution
		HideSolutionNode = FALSE
	EndGlobalSection
	GlobalSection(ExtensibilityGlobals) = postSolution
		SolutionGuid = {D1A031F0-6D0C-4751-BB04-225DCF4C3E9F}
	EndGlobalSection
EndGlobal
