<?xml version="1.0" encoding="utf-8"?>
<Project ToolsVersion="4.0" xmlns="http://schemas.microsoft.com/developer/msbuild/2003">
  <ItemGroup>
    <Filter Include="Source Files">
      <UniqueIdentifier>{4FC737F1-C7A5-4376-A066-2A32D752A2FF}</UniqueIdentifier>
      <Extensions>qml;cpp;c;cc;cxx;def;odl;idl;hpj;bat;asm;asmx</Extensions>
    </Filter>
    <Filter Include="Header Files">
      <UniqueIdentifier>{93995380-89BD-4b04-88EB-625FBE52EBFB}</UniqueIdentifier>
      <Extensions>h;hh;hpp;hxx;hm;inl;inc;xsd</Extensions>
    </Filter>
    <Filter Include="Resource Files">
      <UniqueIdentifier>{67DA6AB6-F800-4c08-8B7A-83BB121AAD01}</UniqueIdentifier>
      <Extensions>qrc;rc;ico;cur;bmp;dlg;rc2;rct;bin;rgs;gif;jpg;jpeg;jpe;resx;tiff;tif;png;wav;mfcribbon-ms</Extensions>
    </Filter>
    <Filter Include="Form Files">
      <UniqueIdentifier>{99349809-55BA-4b9d-BF79-8FDBB0286EB3}</UniqueIdentifier>
      <Extensions>ui</Extensions>
    </Filter>
    <Filter Include="Translation Files">
      <UniqueIdentifier>{639EADAA-A684-42e4-A9AD-28FC9BCB8F7C}</UniqueIdentifier>
      <Extensions>ts</Extensions>
    </Filter>
  </ItemGroup>
  <ItemGroup>
    <ClCompile Include="Code\qt_main.cpp">
      <Filter>Source Files</Filter>
    </ClCompile>
    <ClCompile Include="Code\QtGui\MainGui.cpp">
      <Filter>Source Files</Filter>
    </ClCompile>
    <ClCompile Include="Code\Utils\Console.cpp">
      <Filter>Source Files</Filter>
    </ClCompile>
    <ClCompile Include="Code\ObjectDatabase\Mods\BlocksAndPartsMod.cpp">
      <Filter>Source Files</Filter>
    </ClCompile>
    <ClCompile Include="Code\ObjectDatabase\Mods\CustomGameMod.cpp">
      <Filter>Source Files</Filter>
    </ClCompile>
    <ClCompile Include="Code\ObjectDatabase\Mods\GameDataMod.cpp">
      <Filter>Source Files</Filter>
    </ClCompile>
    <ClCompile Include="Code\ObjectDatabase\Mods\Mod.cpp">
      <Filter>Source Files</Filter>
    </ClCompile>
    <ClCompile Include="Code\ObjectDatabase\Mods\TerrainAssetsMod.cpp">
      <Filter>Source Files</Filter>
    </ClCompile>
    <ClCompile Include="Code\ObjectDatabase\Readers\AssetListLoader.cpp">
      <Filter>Source Files</Filter>
    </ClCompile>
    <ClCompile Include="Code\ObjectDatabase\Readers\BlockListLoader.cpp">
      <Filter>Source Files</Filter>
    </ClCompile>
    <ClCompile Include="Code\ObjectDatabase\Readers\ClutterListLoader.cpp">
      <Filter>Source Files</Filter>
    </ClCompile>
    <ClCompile Include="Code\ObjectDatabase\Readers\DecalsetListReader.cpp">
      <Filter>Source Files</Filter>
    </ClCompile>
    <ClCompile Include="Code\ObjectDatabase\Readers\DecalsetReader.cpp">
      <Filter>Source Files</Filter>
    </ClCompile>
    <ClCompile Include="Code\ObjectDatabase\Readers\DefaultLoader.cpp">
      <Filter>Source Files</Filter>
    </ClCompile>
    <ClCompile Include="Code\ObjectDatabase\Readers\GarmentListLoader.cpp">
      <Filter>Source Files</Filter>
    </ClCompile>
    <ClCompile Include="Code\ObjectDatabase\Readers\HarvestableListLoader.cpp">
      <Filter>Source Files</Filter>
    </ClCompile>
    <ClCompile Include="Code\ObjectDatabase\Readers\KinematicListLoader.cpp">
      <Filter>Source Files</Filter>
    </ClCompile>
    <ClCompile Include="Code\ObjectDatabase\Readers\PartListLoader.cpp">
      <Filter>Source Files</Filter>
    </ClCompile>
    <ClCompile Include="Code\ObjectDatabase\UserDataReaders\BlueprintFolderReader.cpp">
      <Filter>Source Files</Filter>
    </ClCompile>
    <ClCompile Include="Code\ObjectDatabase\UserDataReaders\FilterSettingsData.cpp">
      <Filter>Source Files</Filter>
    </ClCompile>
    <ClCompile Include="Code\ObjectDatabase\UserDataReaders\TileFolderReader.cpp">
      <Filter>Source Files</Filter>
    </ClCompile>
    <ClCompile Include="Code\ObjectDatabase\UserDataReaders\UserCharacterData.cpp">
      <Filter>Source Files</Filter>
    </ClCompile>
    <ClCompile Include="Code\ObjectDatabase\UserDataReaders\UserCharacterReader.cpp">
      <Filter>Source Files</Filter>
    </ClCompile>
    <ClCompile Include="Code\ObjectDatabase\UserDataReaders\UserObjectFolderReader.cpp">
      <Filter>Source Files</Filter>
    </ClCompile>
    <ClCompile Include="Code\ObjectDatabase\UserDataReaders\WorldFolderReader.cpp">
      <Filter>Source Files</Filter>
    </ClCompile>
    <ClCompile Include="Code\ObjectDatabase\DatabaseConfig.cpp">
      <Filter>Source Files</Filter>
    </ClCompile>
    <ClCompile Include="Code\ObjectDatabase\GroundTextureDatabase.cpp">
      <Filter>Source Files</Filter>
    </ClCompile>
    <ClCompile Include="Code\ObjectDatabase\KeywordReplacer.cpp">
      <Filter>Source Files</Filter>
    </ClCompile>
    <ClCompile Include="Code\ObjectDatabase\MaterialManager.cpp">
      <Filter>Source Files</Filter>
    </ClCompile>
    <ClCompile Include="Code\ObjectDatabase\ModelStorage.cpp">
      <Filter>Source Files</Filter>
    </ClCompile>
    <ClCompile Include="Code\ObjectDatabase\ObjectDatabase.cpp">
      <Filter>Source Files</Filter>
    </ClCompile>
    <ClCompile Include="Code\ObjectDatabase\ObjectRotations.cpp">
      <Filter>Source Files</Filter>
    </ClCompile>
    <ClCompile Include="Code\ObjectDatabase\ProgCounter.cpp">
      <Filter>Source Files</Filter>
    </ClCompile>
    <ClCompile Include="Code\Utils\Crypt.cpp">
      <Filter>Source Files</Filter>
    </ClCompile>
    <ClCompile Include="Code\Utils\File.cpp">
      <Filter>Source Files</Filter>
    </ClCompile>
    <ClCompile Include="Code\Utils\Json.cpp">
      <Filter>Source Files</Filter>
    </ClCompile>
    <ClCompile Include="Code\Utils\Lz4Lib.cpp">
      <Filter>Source Files</Filter>
    </ClCompile>
    <ClCompile Include="Code\Utils\Uuid.cpp">
      <Filter>Source Files</Filter>
    </ClCompile>
    <ClCompile Include="Code\Converter\BlueprintConverter\BlueprintConverter.cpp">
      <Filter>Source Files</Filter>
    </ClCompile>
    <ClCompile Include="Code\Converter\CharacterConverter\CharacterConverter.cpp">
      <Filter>Source Files</Filter>
    </ClCompile>
    <ClCompile Include="Code\Converter\Entity\Asset.cpp">
      <Filter>Source Files</Filter>
    </ClCompile>
    <ClCompile Include="Code\Converter\Entity\Block.cpp">
      <Filter>Source Files</Filter>
    </ClCompile>
    <ClCompile Include="Code\Converter\Entity\Blueprint.cpp">
      <Filter>Source Files</Filter>
    </ClCompile>
    <ClCompile Include="Code\Converter\Entity\Decal.cpp">
      <Filter>Source Files</Filter>
    </ClCompile>
    <ClCompile Include="Code\Converter\Entity\Entity.cpp">
      <Filter>Source Files</Filter>
    </ClCompile>
    <ClCompile Include="Code\Converter\Entity\Harvestable.cpp">
      <Filter>Source Files</Filter>
    </ClCompile>
    <ClCompile Include="Code\Converter\Entity\Joint.cpp">
      <Filter>Source Files</Filter>
    </ClCompile>
    <ClCompile Include="Code\Converter\Entity\Kinematic.cpp">
      <Filter>Source Files</Filter>
    </ClCompile>
    <ClCompile Include="Code\Converter\Entity\Part.cpp">
      <Filter>Source Files</Filter>
    </ClCompile>
    <ClCompile Include="Code\Converter\Entity\Prefab.cpp">
      <Filter>Source Files</Filter>
    </ClCompile>
    <ClCompile Include="Code\Converter\Entity\TileClutter.cpp">
      <Filter>Source Files</Filter>
    </ClCompile>
    <ClCompile Include="Code\Converter\TileConverter\Tile.cpp">
      <Filter>Source Files</Filter>
    </ClCompile>
    <ClCompile Include="Code\Converter\TileConverter\TileConverter.cpp">
      <Filter>Source Files</Filter>
    </ClCompile>
    <ClCompile Include="Code\Converter\TileConverter\TilePart.cpp">
      <Filter>Source Files</Filter>
    </ClCompile>
    <ClCompile Include="Code\Converter\WorldConverter\World.cpp">
      <Filter>Source Files</Filter>
    </ClCompile>
    <ClCompile Include="Code\Converter\WorldConverter\WorldConverter.cpp">
      <Filter>Source Files</Filter>
    </ClCompile>
    <ClCompile Include="Code\Converter\MtlFileWriter.cpp">
      <Filter>Source Files</Filter>
    </ClCompile>
    <ClCompile Include="Code\QtGui\QtUtil.cpp">
      <Filter>Source Files</Filter>
    </ClCompile>
    <ClCompile Include="Code\QtGui\CustomWidgets\UserObjectListViewWidget.cpp">
      <Filter>Source Files</Filter>
    </ClCompile>
    <ClCompile Include="Code\QtGui\ConvSettings\BlueprintConvertSettingsGui.cpp">
      <Filter>Source Files</Filter>
    </ClCompile>
    <ClCompile Include="Code\QtGui\ConvSettings\ConverterSettingsGuiBase.cpp">
      <Filter>Source Files</Filter>
    </ClCompile>
    <ClCompile Include="Code\QtGui\ConvSettings\TileConverterSettingsGui.cpp">
      <Filter>Source Files</Filter>
    </ClCompile>
    <ClCompile Include="Code\QtGui\CustomWidgets\AlignedGroupBox.cpp">
      <Filter>Source Files</Filter>
    </ClCompile>
    <ClCompile Include="Code\QtGui\ConvSettings\CustomGameSelector.cpp">
      <Filter>Source Files</Filter>
    </ClCompile>
    <ClCompile Include="Code\QtGui\FilterSettingsGui.cpp">
      <Filter>Source Files</Filter>
    </ClCompile>
    <ClCompile Include="Code\QtGui\AboutProgramGui.cpp">
      <Filter>Source Files</Filter>
    </ClCompile>
    <ClCompile Include="Code\QtGui\ProgramSettingsGui.cpp">
      <Filter>Source Files</Filter>
    </ClCompile>
    <ClCompile Include="Code\QtGui\CustomWidgets\PathListViewWidget.cpp">
      <Filter>Source Files</Filter>
    </ClCompile>
    <ClCompile Include="Code\Gui\SettingsGuiChangeDetector.cpp">
      <Filter>Source Files</Filter>
    </ClCompile>
    <ClCompile Include="Code\QtGui\MainGuiMenuBar.cpp">
      <Filter>Source Files</Filter>
    </ClCompile>
    <ClCompile Include="Code\QtGui\MainGuiContextMenu.cpp">
      <Filter>Source Files</Filter>
    </ClCompile>
    <ClCompile Include="Code\QtGui\CustomWidgets\LabelTimer.cpp">
      <Filter>Source Files</Filter>
    </ClCompile>
    <ClCompile Include="Code\QtGui\ObjectInfoGui.cpp">
      <Filter>Source Files</Filter>
    </ClCompile>
    <ClCompile Include="Code\QtGui\CustomWidgets\ImageBox.cpp">
      <Filter>Source Files</Filter>
    </ClCompile>
    <ClCompile Include="Code\QtGui\CustomWidgets\CenteredLabel.cpp">
      <Filter>Source Files</Filter>
    </ClCompile>
    <ClCompile Include="Code\QtGui\DarkTheme\winDark.cpp">
      <Filter>Source Files</Filter>
    </ClCompile>
  </ItemGroup>
  <ItemGroup>
    <ClInclude Include="Code\QtGui\MainGui.hpp">
      <Filter>Header Files</Filter>
    </ClInclude>
    <ClInclude Include="Code\Utils\Color.hpp">
      <Filter>Header Files</Filter>
    </ClInclude>
    <ClInclude Include="Code\Utils\Console.hpp">
      <Filter>Header Files</Filter>
    </ClInclude>
    <ClInclude Include="Code\Utils\clr_include.hpp">
      <Filter>Header Files</Filter>
    </ClInclude>
    <ClInclude Include="Code\ObjectDatabase\Mods\BlocksAndPartsMod.hpp">
      <Filter>Header Files</Filter>
    </ClInclude>
    <ClInclude Include="Code\ObjectDatabase\Mods\CustomGameMod.hpp">
      <Filter>Header Files</Filter>
    </ClInclude>
    <ClInclude Include="Code\ObjectDatabase\Mods\CustomGameSwitch.hpp">
      <Filter>Header Files</Filter>
    </ClInclude>
    <ClInclude Include="Code\ObjectDatabase\Mods\GameDataMod.hpp">
      <Filter>Header Files</Filter>
    </ClInclude>
    <ClInclude Include="Code\ObjectDatabase\Mods\Mod.hpp">
      <Filter>Header Files</Filter>
    </ClInclude>
    <ClInclude Include="Code\ObjectDatabase\Mods\ModObjectStorage.hpp">
      <Filter>Header Files</Filter>
    </ClInclude>
    <ClInclude Include="Code\ObjectDatabase\Mods\TerrainAssetsMod.hpp">
      <Filter>Header Files</Filter>
    </ClInclude>
    <ClInclude Include="Code\ObjectDatabase\Readers\AssetListLoader.hpp">
      <Filter>Header Files</Filter>
    </ClInclude>
    <ClInclude Include="Code\ObjectDatabase\Readers\BlockListLoader.hpp">
      <Filter>Header Files</Filter>
    </ClInclude>
    <ClInclude Include="Code\ObjectDatabase\Readers\ClutterListLoader.hpp">
      <Filter>Header Files</Filter>
    </ClInclude>
    <ClInclude Include="Code\ObjectDatabase\Readers\DecalsetListReader.hpp">
      <Filter>Header Files</Filter>
    </ClInclude>
    <ClInclude Include="Code\ObjectDatabase\Readers\DecalsetReader.hpp">
      <Filter>Header Files</Filter>
    </ClInclude>
    <ClInclude Include="Code\ObjectDatabase\Readers\DefaultLoader.hpp">
      <Filter>Header Files</Filter>
    </ClInclude>
    <ClInclude Include="Code\ObjectDatabase\Readers\GarmentListLoader.hpp">
      <Filter>Header Files</Filter>
    </ClInclude>
    <ClInclude Include="Code\ObjectDatabase\Readers\HarvestableListLoader.hpp">
      <Filter>Header Files</Filter>
    </ClInclude>
    <ClInclude Include="Code\ObjectDatabase\Readers\KinematicListLoader.hpp">
      <Filter>Header Files</Filter>
    </ClInclude>
    <ClInclude Include="Code\ObjectDatabase\Readers\PartListLoader.hpp">
      <Filter>Header Files</Filter>
    </ClInclude>
    <ClInclude Include="Code\ObjectDatabase\UserDataReaders\BlueprintFolderReader.hpp">
      <Filter>Header Files</Filter>
    </ClInclude>
    <ClInclude Include="Code\ObjectDatabase\UserDataReaders\FilterSettingsData.hpp">
      <Filter>Header Files</Filter>
    </ClInclude>
    <ClInclude Include="Code\ObjectDatabase\UserDataReaders\ItemModCounter.hpp">
      <Filter>Header Files</Filter>
    </ClInclude>
    <ClInclude Include="Code\ObjectDatabase\UserDataReaders\TileFolderReader.hpp">
      <Filter>Header Files</Filter>
    </ClInclude>
    <ClInclude Include="Code\ObjectDatabase\UserDataReaders\UserCharacterData.hpp">
      <Filter>Header Files</Filter>
    </ClInclude>
    <ClInclude Include="Code\ObjectDatabase\UserDataReaders\UserCharacterReader.hpp">
      <Filter>Header Files</Filter>
    </ClInclude>
    <ClInclude Include="Code\ObjectDatabase\UserDataReaders\UserObjectFolderReader.hpp">
      <Filter>Header Files</Filter>
    </ClInclude>
    <ClInclude Include="Code\ObjectDatabase\UserDataReaders\WorldFolderReader.hpp">
      <Filter>Header Files</Filter>
    </ClInclude>
    <ClInclude Include="Code\ObjectDatabase\DatabaseConfig.hpp">
      <Filter>Header Files</Filter>
    </ClInclude>
    <ClInclude Include="Code\ObjectDatabase\GroundTextureDatabase.hpp">
      <Filter>Header Files</Filter>
    </ClInclude>
    <ClInclude Include="Code\ObjectDatabase\KeywordReplacer.hpp">
      <Filter>Header Files</Filter>
    </ClInclude>
    <ClInclude Include="Code\ObjectDatabase\MaterialManager.hpp">
      <Filter>Header Files</Filter>
    </ClInclude>
    <ClInclude Include="Code\ObjectDatabase\ModelStorage.hpp">
      <Filter>Header Files</Filter>
    </ClInclude>
    <ClInclude Include="Code\ObjectDatabase\ObjectData.hpp">
      <Filter>Header Files</Filter>
    </ClInclude>
    <ClInclude Include="Code\ObjectDatabase\ObjectDatabase.hpp">
      <Filter>Header Files</Filter>
    </ClInclude>
    <ClInclude Include="Code\ObjectDatabase\ObjectRotations.hpp">
      <Filter>Header Files</Filter>
    </ClInclude>
    <ClInclude Include="Code\ObjectDatabase\ProgCounter.hpp">
      <Filter>Header Files</Filter>
    </ClInclude>
    <ClInclude Include="Code\ObjectDatabase\SubMeshData.hpp">
      <Filter>Header Files</Filter>
    </ClInclude>
    <ClInclude Include="Code\Utils\BitStream.hpp">
      <Filter>Header Files</Filter>
    </ClInclude>
    <ClInclude Include="Code\Utils\ByteImpl.hpp">
      <Filter>Header Files</Filter>
    </ClInclude>
    <ClInclude Include="Code\Utils\Crypt.hpp">
      <Filter>Header Files</Filter>
    </ClInclude>
    <ClInclude Include="Code\Utils\File.hpp">
      <Filter>Header Files</Filter>
    </ClInclude>
    <ClInclude Include="Code\Utils\GlmUnmanaged.hpp">
      <Filter>Header Files</Filter>
    </ClInclude>
    <ClInclude Include="Code\Utils\Json.hpp">
      <Filter>Header Files</Filter>
    </ClInclude>
    <ClInclude Include="Code\Utils\Lz4Lib.hpp">
      <Filter>Header Files</Filter>
    </ClInclude>
    <ClInclude Include="Code\Utils\Math.hpp">
      <Filter>Header Files</Filter>
    </ClInclude>
    <ClInclude Include="Code\Utils\Memory.hpp">
      <Filter>Header Files</Filter>
    </ClInclude>
    <ClInclude Include="Code\Utils\String.hpp">
      <Filter>Header Files</Filter>
    </ClInclude>
    <ClInclude Include="Code\Utils\Uuid.hpp">
      <Filter>Header Files</Filter>
    </ClInclude>
    <ClInclude Include="Code\Utils\WinInclude.hpp">
      <Filter>Header Files</Filter>
    </ClInclude>
    <ClInclude Include="Code\Converter\BlueprintConverter\BlueprintConverter.hpp">
      <Filter>Header Files</Filter>
    </ClInclude>
    <ClInclude Include="Code\Converter\CharacterConverter\CharacterConverter.hpp">
      <Filter>Header Files</Filter>
    </ClInclude>
    <ClInclude Include="Code\Converter\Entity\Asset.hpp">
      <Filter>Header Files</Filter>
    </ClInclude>
    <ClInclude Include="Code\Converter\Entity\Block.hpp">
      <Filter>Header Files</Filter>
    </ClInclude>
    <ClInclude Include="Code\Converter\Entity\Blueprint.hpp">
      <Filter>Header Files</Filter>
    </ClInclude>
    <ClInclude Include="Code\Converter\Entity\Body.hpp">
      <Filter>Header Files</Filter>
    </ClInclude>
    <ClInclude Include="Code\Converter\Entity\Decal.hpp">
      <Filter>Header Files</Filter>
    </ClInclude>
    <ClInclude Include="Code\Converter\Entity\Entity.hpp">
      <Filter>Header Files</Filter>
    </ClInclude>
    <ClInclude Include="Code\Converter\Entity\GroundTerrainData.hpp">
      <Filter>Header Files</Filter>
    </ClInclude>
    <ClInclude Include="Code\Converter\Entity\Harvestable.hpp">
      <Filter>Header Files</Filter>
    </ClInclude>
    <ClInclude Include="Code\Converter\Entity\Joint.hpp">
      <Filter>Header Files</Filter>
    </ClInclude>
    <ClInclude Include="Code\Converter\Entity\Kinematic.hpp">
      <Filter>Header Files</Filter>
    </ClInclude>
    <ClInclude Include="Code\Converter\Entity\Part.hpp">
      <Filter>Header Files</Filter>
    </ClInclude>
    <ClInclude Include="Code\Converter\Entity\Prefab.hpp">
      <Filter>Header Files</Filter>
    </ClInclude>
    <ClInclude Include="Code\Converter\Entity\TileClutter.hpp">
      <Filter>Header Files</Filter>
    </ClInclude>
    <ClInclude Include="Code\Converter\TileConverter\Readers\AssetListReader.hpp">
      <Filter>Header Files</Filter>
    </ClInclude>
    <ClInclude Include="Code\Converter\TileConverter\Readers\BlueprintListReader.hpp">
      <Filter>Header Files</Filter>
    </ClInclude>
    <ClInclude Include="Code\Converter\TileConverter\Readers\ClutterReader.hpp">
      <Filter>Header Files</Filter>
    </ClInclude>
    <ClInclude Include="Code\Converter\TileConverter\Readers\DecalListReader.hpp">
      <Filter>Header Files</Filter>
    </ClInclude>
    <ClInclude Include="Code\Converter\TileConverter\Readers\HarvestableListReader.hpp">
      <Filter>Header Files</Filter>
    </ClInclude>
    <ClInclude Include="Code\Converter\TileConverter\Readers\KinematicsListReader.hpp">
      <Filter>Header Files</Filter>
    </ClInclude>
    <ClInclude Include="Code\Converter\TileConverter\Readers\MipReader.hpp">
      <Filter>Header Files</Filter>
    </ClInclude>
    <ClInclude Include="Code\Converter\TileConverter\Readers\PrefabFileReader.hpp">
      <Filter>Header Files</Filter>
    </ClInclude>
    <ClInclude Include="Code\Converter\TileConverter\Readers\PrefabHeader.hpp">
      <Filter>Header Files</Filter>
    </ClInclude>
    <ClInclude Include="Code\Converter\TileConverter\Readers\PrefabReader.hpp">
      <Filter>Header Files</Filter>
    </ClInclude>
    <ClInclude Include="Code\Converter\TileConverter\Readers\TileReader.hpp">
      <Filter>Header Files</Filter>
    </ClInclude>
    <ClInclude Include="Code\Converter\TileConverter\CellHeader.hpp">
      <Filter>Header Files</Filter>
    </ClInclude>
    <ClInclude Include="Code\Converter\TileConverter\Tile.hpp">
      <Filter>Header Files</Filter>
    </ClInclude>
    <ClInclude Include="Code\Converter\TileConverter\TileConverter.hpp">
      <Filter>Header Files</Filter>
    </ClInclude>
    <ClInclude Include="Code\Converter\TileConverter\TileHeader.hpp">
      <Filter>Header Files</Filter>
    </ClInclude>
    <ClInclude Include="Code\Converter\TileConverter\TilePart.hpp">
      <Filter>Header Files</Filter>
    </ClInclude>
    <ClInclude Include="Code\Converter\WorldConverter\World.hpp">
      <Filter>Header Files</Filter>
    </ClInclude>
    <ClInclude Include="Code\Converter\WorldConverter\WorldConverter.hpp">
      <Filter>Header Files</Filter>
    </ClInclude>
    <ClInclude Include="Code\Converter\ConvertError.hpp">
      <Filter>Header Files</Filter>
    </ClInclude>
    <ClInclude Include="Code\Converter\ConvertSettings.hpp">
      <Filter>Header Files</Filter>
    </ClInclude>
    <ClInclude Include="Code\Converter\MtlFileWriter.hpp">
      <Filter>Header Files</Filter>
    </ClInclude>
    <ClInclude Include="Code\Converter\WriterOffset.hpp">
      <Filter>Header Files</Filter>
    </ClInclude>
    <ClInclude Include="Code\QtGui\QtUtil.hpp">
      <Filter>Header Files</Filter>
    </ClInclude>
    <ClInclude Include="Code\ObjectDatabase\UserDataReaders\UserDataBase.hpp">
      <Filter>Header Files</Filter>
    </ClInclude>
    <ClInclude Include="Code\QtGui\ConvSettings\BlueprintConvertSettingsGui.hpp">
      <Filter>Header Files</Filter>
    </ClInclude>
    <ClInclude Include="Code\QtGui\ConvSettings\ConverterSettingsGuiBase.hpp">
      <Filter>Header Files</Filter>
    </ClInclude>
    <ClInclude Include="Code\QtGui\QtUiConstants.hpp">
      <Filter>Header Files</Filter>
    </ClInclude>
    <ClInclude Include="Code\QtGui\ConvSettings\TileConverterSettingsGui.hpp">
      <Filter>Header Files</Filter>
    </ClInclude>
    <ClInclude Include="Code\QtGui\ConvSettings\CustomGameSelector.hpp">
      <Filter>Header Files</Filter>
    </ClInclude>
    <ClInclude Include="Code\QtGui\CustomWidgets\AlignedGroupBox.hpp">
      <Filter>Header Files</Filter>
    </ClInclude>
    <ClInclude Include="Code\QtGui\FilterSettingsGui.hpp">
      <Filter>Header Files</Filter>
    </ClInclude>
    <ClInclude Include="Code\QtGui\AboutProgramGui.hpp">
      <Filter>Header Files</Filter>
    </ClInclude>
    <ClInclude Include="Code\Gui\SettingsGuiChangeDetector.hpp">
      <Filter>Header Files</Filter>
    </ClInclude>
    <ClInclude Include="Code\QtGui\MainGuiMenuBar.hpp">
      <Filter>Header Files</Filter>
    </ClInclude>
    <ClInclude Include="Code\QtGui\MainGuiContextMenu.hpp">
      <Filter>Header Files</Filter>
    </ClInclude>
    <ClInclude Include="Code\QtGui\CustomWidgets\LabelTimer.hpp">
      <Filter>Header Files</Filter>
    </ClInclude>
    <ClInclude Include="Code\Utils\MutexData.hpp">
      <Filter>Header Files</Filter>
    </ClInclude>
    <ClInclude Include="Code\QtGui\ObjectInfoGui.hpp">
      <Filter>Header Files</Filter>
    </ClInclude>
    <ClInclude Include="Code\QtGui\CustomWidgets\ImageBox.hpp">
      <Filter>Header Files</Filter>
    </ClInclude>
    <ClInclude Include="Code\QtGui\CustomWidgets\CenteredLabel.hpp">
      <Filter>Header Files</Filter>
    </ClInclude>
    <ClInclude Include="Code\QtGui\DarkTheme\winDark.h">
      <Filter>Header Files</Filter>
    </ClInclude>
  </ItemGroup>
  <ItemGroup>
    <QtMoc Include="Code\QtGui\CustomWidgets\UserObjectListViewWidget.hpp">
      <Filter>Header Files</Filter>
    </QtMoc>
    <QtMoc Include="Code\QtGui\CustomWidgets\PathListViewWidget.hpp">
      <Filter>Header Files</Filter>
    </QtMoc>
    <QtMoc Include="Code\QtGui\ProgramSettingsGui.hpp">
      <Filter>Header Files</Filter>
    </QtMoc>
  </ItemGroup>
</Project>